# THIS IS AN AUTOGENERATED FILE. DO NOT EDIT THIS FILE DIRECTLY.
# yarn lockfile v1


chart.js@^4.0.1:
  version "4.0.1"
  resolved "https://registry.yarnpkg.com/chart.js/-/chart.js-4.0.1.tgz#93d5d50ac222a5b3b6ac7488e82e1553ac031592"
  integrity sha512-5/8/9eBivwBZK81mKvmIwTb2Pmw4D/5h1RK9fBWZLLZ8mCJ+kfYNmV9rMrGoa5Hgy2/wVDBMLSUDudul2/9ihA==

vue-chartjs@^5.0.1:
  version "5.0.1"
  resolved "https://registry.yarnpkg.com/vue-chartjs/-/vue-chartjs-5.0.1.tgz#14ab31c83a1f0dd0949a722db109ab5f91e1020d"
  integrity sha512-+0IfwyZ1U+oKU0CJmqgEMieov5K+c5AuZ7boJeDnhCC/qmtKTLId1jL7BID5poCaC38DOUbJu77vsA091aYeRw==
