# THIS IS AN AUTOGENERATED FILE. DO NOT EDIT THIS FILE DIRECTLY.
# yarn lockfile v1


chart.js@^4.0.1:
  version "4.0.1"
  resolved "https://registry.yarnpkg.com/chart.js/-/chart.js-4.0.1.tgz#93d5d50ac222a5b3b6ac7488e82e1553ac031592"
  integrity sha512-5/8/9eBivwBZK81mKvmIwTb2Pmw4D/5h1RK9fBWZLLZ8mCJ+kfYNmV9rMrGoa5Hgy2/wVDBMLSUDudul2/9ihA==

vue-chartjs@^4.0.0:
  version "4.1.2"
  resolved "https://registry.yarnpkg.com/vue-chartjs/-/vue-chartjs-4.1.2.tgz#f899ba14f3b80660f8d2c610a015341806dfc437"
  integrity sha512-QSggYjeFv/L4jFSBQpX8NzrAvX0B+Ha6nDgxkTG8tEXxYOOTwKI4phRLe+B4f+REnkmg7hgPY24R0cixZJyXBg==
